
Microsoft Visual Studio Solution File, Format Version 12.00
# Visual Studio Version 16
VisualStudioVersion = 16.0.30104.148
MinimumVisualStudioVersion = 10.0.40219.1
Project("{FAE04EC0-301F-11D3-BF4B-00C04F79EFBC}") = "WebApplication1", "WebApplication1\WebApplication1.csproj", "{C0AC2CF9-157E-4A28-8A3F-D74D75200A2D}"
EndProject
Global
	GlobalSection(SolutionConfigurationPlatforms) = preSolution
		Debug|Any CPU = Debug|Any CPU
		Release|Any CPU = Release|Any CPU
	EndGlobalSection
	GlobalSection(ProjectConfigurationPlatforms) = postSolution
		{C0AC2CF9-157E-4A28-8A3F-D74D75200A2D}.Debug|Any CPU.ActiveCfg = Debug|Any CPU
		{C0AC2CF9-157E-4A28-8A3F-D74D75200A2D}.Debug|Any CPU.Build.0 = Debug|Any CPU
		{C0AC2CF9-157E-4A28-8A3F-D74D75200A2D}.Release|Any CPU.ActiveCfg = Release|Any CPU
		{C0AC2CF9-157E-4A28-8A3F-D74D75200A2D}.Release|Any CPU.Build.0 = Release|Any CPU
	EndGlobalSection
	GlobalSection(SolutionProperties) = preSolution
		HideSolutionNode = FALSE
	EndGlobalSection
	GlobalSection(ExtensibilityGlobals) = postSolution
		SolutionGuid = {48246705-ED25-42BD-B0E6-D8C743E782A3}
	EndGlobalSection
EndGlobal
